
Microsoft Visual Studio Solution File, Format Version 12.00
# Visual Studio Version 16
VisualStudioVersion = 16.0.31321.278
MinimumVisualStudioVersion = 10.0.40219.1
Project("{FAE04EC0-301F-11D3-BF4B-00C04F79EFBC}") = "JogoDaForca", "JogoDaForca\JogoDaForca.csproj", "{2DB2ABD0-9CE1-4074-B299-8EF0E615E58C}"
EndProject
Global
	GlobalSection(SolutionConfigurationPlatforms) = preSolution
		Debug|Any CPU = Debug|Any CPU
		Release|Any CPU = Release|Any CPU
	EndGlobalSection
	GlobalSection(ProjectConfigurationPlatforms) = postSolution
		{2DB2ABD0-9CE1-4074-B299-8EF0E615E58C}.Debug|Any CPU.ActiveCfg = Debug|Any CPU
		{2DB2ABD0-9CE1-4074-B299-8EF0E615E58C}.Debug|Any CPU.Build.0 = Debug|Any CPU
		{2DB2ABD0-9CE1-4074-B299-8EF0E615E58C}.Release|Any CPU.ActiveCfg = Release|Any CPU
		{2DB2ABD0-9CE1-4074-B299-8EF0E615E58C}.Release|Any CPU.Build.0 = Release|Any CPU
	EndGlobalSection
	GlobalSection(SolutionProperties) = preSolution
		HideSolutionNode = FALSE
	EndGlobalSection
	GlobalSection(ExtensibilityGlobals) = postSolution
		SolutionGuid = {F3C5ACE7-4D77-4DB6-A2AE-2D80929755BD}
	EndGlobalSection
EndGlobal
